// !$*UTF8*$!
{
	archiveVersion = 1;
	classes = {
	};
	objectVersion = 56;
	objects = {

/* Begin PBXBuildFile section */
		4BF529F02BEDC22000E072DC /* flipappApp.swift in Sources */ = {isa = PBXBuildFile; fileRef = 4BF529EF2BEDC22000E072DC /* flipappApp.swift */; };
		4BF529F22BEDC22000E072DC /* ContentView.swift in Sources */ = {isa = PBXBuildFile; fileRef = 4BF529F12BEDC22000E072DC /* ContentView.swift */; };
		4BF529F42BEDC22100E072DC /* Assets.xcassets in Resources */ = {isa = PBXBuildFile; fileRef = 4BF529F32BEDC22100E072DC /* Assets.xcassets */; };
		4BF529F72BEDC22100E072DC /* Preview Assets.xcassets in Resources */ = {isa = PBXBuildFile; fileRef = 4BF529F62BEDC22100E072DC /* Preview Assets.xcassets */; };
		4BF52A012BEDC22100E072DC /* flipappTests.swift in Sources */ = {isa = PBXBuildFile; fileRef = 4BF52A002BEDC22100E072DC /* flipappTests.swift */; };
		4BF52A0B2BEDC22100E072DC /* flipappUITests.swift in Sources */ = {isa = PBXBuildFile; fileRef = 4BF52A0A2BEDC22100E072DC /* flipappUITests.swift */; };
		4BF52A0D2BEDC22100E072DC /* flipappUITestsLaunchTests.swift in Sources */ = {isa = PBXBuildFile; fileRef = 4BF52A0C2BEDC22100E072DC /* flipappUITestsLaunchTests.swift */; };
/* End PBXBuildFile section */

/* Begin PBXContainerItemProxy section */
		4BF529FD2BEDC22100E072DC /* PBXContainerItemProxy */ = {
			isa = PBXContainerItemProxy;
			containerPortal = 4BF529E42BEDC22000E072DC /* Project object */;
			proxyType = 1;
			remoteGlobalIDString = 4BF529EB2BEDC22000E072DC;
			remoteInfo = flipapp;
		};
		4BF52A072BEDC22100E072DC /* PBXContainerItemProxy */ = {
			isa = PBXContainerItemProxy;
			containerPortal = 4BF529E42BEDC22000E072DC /* Project object */;
			proxyType = 1;
			remoteGlobalIDString = 4BF529EB2BEDC22000E072DC;
			remoteInfo = flipapp;
		};
/* End PBXContainerItemProxy section */

/* Begin PBXFileReference section */
		4BF529EC2BEDC22000E072DC /* flipapp.app */ = {isa = PBXFileReference; explicitFileType = wrapper.application; includeInIndex = 0; path = flipapp.app; sourceTree = BUILT_PRODUCTS_DIR; };
		4BF529EF2BEDC22000E072DC /* flipappApp.swift */ = {isa = PBXFileReference; lastKnownFileType = sourcecode.swift; path = flipappApp.swift; sourceTree = "<group>"; };
		4BF529F12BEDC22000E072DC /* ContentView.swift */ = {isa = PBXFileReference; lastKnownFileType = sourcecode.swift; path = ContentView.swift; sourceTree = "<group>"; };
		4BF529F32BEDC22100E072DC /* Assets.xcassets */ = {isa = PBXFileReference; lastKnownFileType = folder.assetcatalog; path = Assets.xcassets; sourceTree = "<group>"; };
		4BF529F62BEDC22100E072DC /* Preview Assets.xcassets */ = {isa = PBXFileReference; lastKnownFileType = folder.assetcatalog; path = "Preview Assets.xcassets"; sourceTree = "<group>"; };
		4BF529FC2BEDC22100E072DC /* flipappTests.xctest */ = {isa = PBXFileReference; explicitFileType = wrapper.cfbundle; includeInIndex = 0; path = flipappTests.xctest; sourceTree = BUILT_PRODUCTS_DIR; };
		4BF52A002BEDC22100E072DC /* flipappTests.swift */ = {isa = PBXFileReference; lastKnownFileType = sourcecode.swift; path = flipappTests.swift; sourceTree = "<group>"; };
		4BF52A062BEDC22100E072DC /* flipappUITests.xctest */ = {isa = PBXFileReference; explicitFileType = wrapper.cfbundle; includeInIndex = 0; path = flipappUITests.xctest; sourceTree = BUILT_PRODUCTS_DIR; };
		4BF52A0A2BEDC22100E072DC /* flipappUITests.swift */ = {isa = PBXFileReference; lastKnownFileType = sourcecode.swift; path = flipappUITests.swift; sourceTree = "<group>"; };
		4BF52A0C2BEDC22100E072DC /* flipappUITestsLaunchTests.swift */ = {isa = PBXFileReference; lastKnownFileType = sourcecode.swift; path = flipappUITestsLaunchTests.swift; sourceTree = "<group>"; };
		4BF52A192BEDC41E00E072DC /* flipapp-prompt.md */ = {isa = PBXFileReference; lastKnownFileType = net.daringfireball.markdown; path = "flipapp-prompt.md"; sourceTree = "<group>"; };
/* End PBXFileReference section */

/* Begin PBXFrameworksBuildPhase section */
		4BF529E92BEDC22000E072DC /* Frameworks */ = {
			isa = PBXFrameworksBuildPhase;
			buildActionMask = 2147483647;
			files = (
			);
			runOnlyForDeploymentPostprocessing = 0;
		};
		4BF529F92BEDC22100E072DC /* Frameworks */ = {
			isa = PBXFrameworksBuildPhase;
			buildActionMask = 2147483647;
			files = (
			);
			runOnlyForDeploymentPostprocessing = 0;
		};
		4BF52A032BEDC22100E072DC /* Frameworks */ = {
			isa = PBXFrameworksBuildPhase;
			buildActionMask = 2147483647;
			files = (
			);
			runOnlyForDeploymentPostprocessing = 0;
		};
/* End PBXFrameworksBuildPhase section */

/* Begin PBXGroup section */
		4BF529E32BEDC22000E072DC = {
			isa = PBXGroup;
			children = (
				4BF529EE2BEDC22000E072DC /* flipapp */,
				4BF529FF2BEDC22100E072DC /* flipappTests */,
				4BF52A092BEDC22100E072DC /* flipappUITests */,
				4BF529ED2BEDC22000E072DC /* Products */,
			);
			sourceTree = "<group>";
		};
		4BF529ED2BEDC22000E072DC /* Products */ = {
			isa = PBXGroup;
			children = (
				4BF529EC2BEDC22000E072DC /* flipapp.app */,
				4BF529FC2BEDC22100E072DC /* flipappTests.xctest */,
				4BF52A062BEDC22100E072DC /* flipappUITests.xctest */,
			);
			name = Products;
			sourceTree = "<group>";
		};
		4BF529EE2BEDC22000E072DC /* flipapp */ = {
			isa = PBXGroup;
			children = (
				4BF529EF2BEDC22000E072DC /* flipappApp.swift */,
				4BF529F12BEDC22000E072DC /* ContentView.swift */,
				4BF529F32BEDC22100E072DC /* Assets.xcassets */,
				4BF529F52BEDC22100E072DC /* Preview Content */,
				4BF52A192BEDC41E00E072DC /* flipapp-prompt.md */,
			);
			path = flipapp;
			sourceTree = "<group>";
		};
		4BF529F52BEDC22100E072DC /* Preview Content */ = {
			isa = PBXGroup;
			children = (
				4BF529F62BEDC22100E072DC /* Preview Assets.xcassets */,
			);
			path = "Preview Content";
			sourceTree = "<group>";
		};
		4BF529FF2BEDC22100E072DC /* flipappTests */ = {
			isa = PBXGroup;
			children = (
				4BF52A002BEDC22100E072DC /* flipappTests.swift */,
			);
			path = flipappTests;
			sourceTree = "<group>";
		};
		4BF52A092BEDC22100E072DC /* flipappUITests */ = {
			isa = PBXGroup;
			children = (
				4BF52A0A2BEDC22100E072DC /* flipappUITests.swift */,
				4BF52A0C2BEDC22100E072DC /* flipappUITestsLaunchTests.swift */,
			);
			path = flipappUITests;
			sourceTree = "<group>";
		};
/* End PBXGroup section */

/* Begin PBXNativeTarget section */
		4BF529EB2BEDC22000E072DC /* flipapp */ = {
			isa = PBXNativeTarget;
			buildConfigurationList = 4BF52A102BEDC22100E072DC /* Build configuration list for PBXNativeTarget "flipapp" */;
			buildPhases = (
				4BF529E82BEDC22000E072DC /* Sources */,
				4BF529E92BEDC22000E072DC /* Frameworks */,
				4BF529EA2BEDC22000E072DC /* Resources */,
			);
			buildRules = (
			);
			dependencies = (
			);
			name = flipapp;
			productName = flipapp;
			productReference = 4BF529EC2BEDC22000E072DC /* flipapp.app */;
			productType = "com.apple.product-type.application";
		};
		4BF529FB2BEDC22100E072DC /* flipappTests */ = {
			isa = PBXNativeTarget;
			buildConfigurationList = 4BF52A132BEDC22100E072DC /* Build configuration list for PBXNativeTarget "flipappTests" */;
			buildPhases = (
				4BF529F82BEDC22100E072DC /* Sources */,
				4BF529F92BEDC22100E072DC /* Frameworks */,
				4BF529FA2BEDC22100E072DC /* Resources */,
			);
			buildRules = (
			);
			dependencies = (
				4BF529FE2BEDC22100E072DC /* PBXTargetDependency */,
			);
			name = flipappTests;
			productName = flipappTests;
			productReference = 4BF529FC2BEDC22100E072DC /* flipappTests.xctest */;
			productType = "com.apple.product-type.bundle.unit-test";
		};
		4BF52A052BEDC22100E072DC /* flipappUITests */ = {
			isa = PBXNativeTarget;
			buildConfigurationList = 4BF52A162BEDC22100E072DC /* Build configuration list for PBXNativeTarget "flipappUITests" */;
			buildPhases = (
				4BF52A022BEDC22100E072DC /* Sources */,
				4BF52A032BEDC22100E072DC /* Frameworks */,
				4BF52A042BEDC22100E072DC /* Resources */,
			);
			buildRules = (
			);
			dependencies = (
				4BF52A082BEDC22100E072DC /* PBXTargetDependency */,
			);
			name = flipappUITests;
			productName = flipappUITests;
			productReference = 4BF52A062BEDC22100E072DC /* flipappUITests.xctest */;
			productType = "com.apple.product-type.bundle.ui-testing";
		};
/* End PBXNativeTarget section */

/* Begin PBXProject section */
		4BF529E42BEDC22000E072DC /* Project object */ = {
			isa = PBXProject;
			attributes = {
				BuildIndependentTargetsInParallel = 1;
				LastSwiftUpdateCheck = 1520;
				LastUpgradeCheck = 1520;
				TargetAttributes = {
					4BF529EB2BEDC22000E072DC = {
						CreatedOnToolsVersion = 15.2;
					};
					4BF529FB2BEDC22100E072DC = {
						CreatedOnToolsVersion = 15.2;
						TestTargetID = 4BF529EB2BEDC22000E072DC;
					};
					4BF52A052BEDC22100E072DC = {
						CreatedOnToolsVersion = 15.2;
						TestTargetID = 4BF529EB2BEDC22000E072DC;
					};
				};
			};
			buildConfigurationList = 4BF529E72BEDC22000E072DC /* Build configuration list for PBXProject "flipapp" */;
			compatibilityVersion = "Xcode 14.0";
			developmentRegion = en;
			hasScannedForEncodings = 0;
			knownRegions = (
				en,
				Base,
			);
			mainGroup = 4BF529E32BEDC22000E072DC;
			productRefGroup = 4BF529ED2BEDC22000E072DC /* Products */;
			projectDirPath = "";
			projectRoot = "";
			targets = (
				4BF529EB2BEDC22000E072DC /* flipapp */,
				4BF529FB2BEDC22100E072DC /* flipappTests */,
				4BF52A052BEDC22100E072DC /* flipappUITests */,
			);
		};
/* End PBXProject section */

/* Begin PBXResourcesBuildPhase section */
		4BF529EA2BEDC22000E072DC /* Resources */ = {
			isa = PBXResourcesBuildPhase;
			buildActionMask = 2147483647;
			files = (
				4BF529F72BEDC22100E072DC /* Preview Assets.xcassets in Resources */,
				4BF529F42BEDC22100E072DC /* Assets.xcassets in Resources */,
			);
			runOnlyForDeploymentPostprocessing = 0;
		};
		4BF529FA2BEDC22100E072DC /* Resources */ = {
			isa = PBXResourcesBuildPhase;
			buildActionMask = 2147483647;
			files = (
			);
			runOnlyForDeploymentPostprocessing = 0;
		};
		4BF52A042BEDC22100E072DC /* Resources */ = {
			isa = PBXResourcesBuildPhase;
			buildActionMask = 2147483647;
			files = (
			);
			runOnlyForDeploymentPostprocessing = 0;
		};
/* End PBXResourcesBuildPhase section */

/* Begin PBXSourcesBuildPhase section */
		4BF529E82BEDC22000E072DC /* Sources */ = {
			isa = PBXSourcesBuildPhase;
			buildActionMask = 2147483647;
			files = (
				4BF529F22BEDC22000E072DC /* ContentView.swift in Sources */,
				4BF529F02BEDC22000E072DC /* flipappApp.swift in Sources */,
			);
			runOnlyForDeploymentPostprocessing = 0;
		};
		4BF529F82BEDC22100E072DC /* Sources */ = {
			isa = PBXSourcesBuildPhase;
			buildActionMask = 2147483647;
			files = (
				4BF52A012BEDC22100E072DC /* flipappTests.swift in Sources */,
			);
			runOnlyForDeploymentPostprocessing = 0;
		};
		4BF52A022BEDC22100E072DC /* Sources */ = {
			isa = PBXSourcesBuildPhase;
			buildActionMask = 2147483647;
			files = (
				4BF52A0B2BEDC22100E072DC /* flipappUITests.swift in Sources */,
				4BF52A0D2BEDC22100E072DC /* flipappUITestsLaunchTests.swift in Sources */,
			);
			runOnlyForDeploymentPostprocessing = 0;
		};
/* End PBXSourcesBuildPhase section */

/* Begin PBXTargetDependency section */
		4BF529FE2BEDC22100E072DC /* PBXTargetDependency */ = {
			isa = PBXTargetDependency;
			target = 4BF529EB2BEDC22000E072DC /* flipapp */;
			targetProxy = 4BF529FD2BEDC22100E072DC /* PBXContainerItemProxy */;
		};
		4BF52A082BEDC22100E072DC /* PBXTargetDependency */ = {
			isa = PBXTargetDependency;
			target = 4BF529EB2BEDC22000E072DC /* flipapp */;
			targetProxy = 4BF52A072BEDC22100E072DC /* PBXContainerItemProxy */;
		};
/* End PBXTargetDependency section */

/* Begin XCBuildConfiguration section */
		4BF52A0E2BEDC22100E072DC /* Debug */ = {
			isa = XCBuildConfiguration;
			buildSettings = {
				ALWAYS_SEARCH_USER_PATHS = NO;
				ASSETCATALOG_COMPILER_GENERATE_SWIFT_ASSET_SYMBOL_EXTENSIONS = YES;
				CLANG_ANALYZER_NONNULL = YES;
				CLANG_ANALYZER_NUMBER_OBJECT_CONVERSION = YES_AGGRESSIVE;
				CLANG_CXX_LANGUAGE_STANDARD = "gnu++20";
				CLANG_ENABLE_MODULES = YES;
				CLANG_ENABLE_OBJC_ARC = YES;
				CLANG_ENABLE_OBJC_WEAK = YES;
				CLANG_WARN_BLOCK_CAPTURE_AUTORELEASING = YES;
				CLANG_WARN_BOOL_CONVERSION = YES;
				CLANG_WARN_COMMA = YES;
				CLANG_WARN_CONSTANT_CONVERSION = YES;
				CLANG_WARN_DEPRECATED_OBJC_IMPLEMENTATIONS = YES;
				CLANG_WARN_DIRECT_OBJC_ISA_USAGE = YES_ERROR;
				CLANG_WARN_DOCUMENTATION_COMMENTS = YES;
				CLANG_WARN_EMPTY_BODY = YES;
				CLANG_WARN_ENUM_CONVERSION = YES;
				CLANG_WARN_INFINITE_RECURSION = YES;
				CLANG_WARN_INT_CONVERSION = YES;
				CLANG_WARN_NON_LITERAL_NULL_CONVERSION = YES;
				CLANG_WARN_OBJC_IMPLICIT_RETAIN_SELF = YES;
				CLANG_WARN_OBJC_LITERAL_CONVERSION = YES;
				CLANG_WARN_OBJC_ROOT_CLASS = YES_ERROR;
				CLANG_WARN_QUOTED_INCLUDE_IN_FRAMEWORK_HEADER = YES;
				CLANG_WARN_RANGE_LOOP_ANALYSIS = YES;
				CLANG_WARN_STRICT_PROTOTYPES = YES;
				CLANG_WARN_SUSPICIOUS_MOVE = YES;
				CLANG_WARN_UNGUARDED_AVAILABILITY = YES_AGGRESSIVE;
				CLANG_WARN_UNREACHABLE_CODE = YES;
				CLANG_WARN__DUPLICATE_METHOD_MATCH = YES;
				COPY_PHASE_STRIP = NO;
				DEBUG_INFORMATION_FORMAT = dwarf;
				ENABLE_STRICT_OBJC_MSGSEND = YES;
				ENABLE_TESTABILITY = YES;
				ENABLE_USER_SCRIPT_SANDBOXING = YES;
				GCC_C_LANGUAGE_STANDARD = gnu17;
				GCC_DYNAMIC_NO_PIC = NO;
				GCC_NO_COMMON_BLOCKS = YES;
				GCC_OPTIMIZATION_LEVEL = 0;
				GCC_PREPROCESSOR_DEFINITIONS = (
					"DEBUG=1",
					"$(inherited)",
				);
				GCC_WARN_64_TO_32_BIT_CONVERSION = YES;
				GCC_WARN_ABOUT_RETURN_TYPE = YES_ERROR;
				GCC_WARN_UNDECLARED_SELECTOR = YES;
				GCC_WARN_UNINITIALIZED_AUTOS = YES_AGGRESSIVE;
				GCC_WARN_UNUSED_FUNCTION = YES;
				GCC_WARN_UNUSED_VARIABLE = YES;
				IPHONEOS_DEPLOYMENT_TARGET = 17.2;
				LOCALIZATION_PREFERS_STRING_CATALOGS = YES;
				MTL_ENABLE_DEBUG_INFO = INCLUDE_SOURCE;
				MTL_FAST_MATH = YES;
				ONLY_ACTIVE_ARCH = YES;
				SDKROOT = iphoneos;
				SWIFT_ACTIVE_COMPILATION_CONDITIONS = "DEBUG $(inherited)";
				SWIFT_OPTIMIZATION_LEVEL = "-Onone";
			};
			name = Debug;
		};
		4BF52A0F2BEDC22100E072DC /* Release */ = {
			isa = XCBuildConfiguration;
			buildSettings = {
				ALWAYS_SEARCH_USER_PATHS = NO;
				ASSETCATALOG_COMPILER_GENERATE_SWIFT_ASSET_SYMBOL_EXTENSIONS = YES;
				CLANG_ANALYZER_NONNULL = YES;
				CLANG_ANALYZER_NUMBER_OBJECT_CONVERSION = YES_AGGRESSIVE;
				CLANG_CXX_LANGUAGE_STANDARD = "gnu++20";
				CLANG_ENABLE_MODULES = YES;
				CLANG_ENABLE_OBJC_ARC = YES;
				CLANG_ENABLE_OBJC_WEAK = YES;
				CLANG_WARN_BLOCK_CAPTURE_AUTORELEASING = YES;
				CLANG_WARN_BOOL_CONVERSION = YES;
				CLANG_WARN_COMMA = YES;
				CLANG_WARN_CONSTANT_CONVERSION = YES;
				CLANG_WARN_DEPRECATED_OBJC_IMPLEMENTATIONS = YES;
				CLANG_WARN_DIRECT_OBJC_ISA_USAGE = YES_ERROR;
				CLANG_WARN_DOCUMENTATION_COMMENTS = YES;
				CLANG_WARN_EMPTY_BODY = YES;
				CLANG_WARN_ENUM_CONVERSION = YES;
				CLANG_WARN_INFINITE_RECURSION = YES;
				CLANG_WARN_INT_CONVERSION = YES;
				CLANG_WARN_NON_LITERAL_NULL_CONVERSION = YES;
				CLANG_WARN_OBJC_IMPLICIT_RETAIN_SELF = YES;
				CLANG_WARN_OBJC_LITERAL_CONVERSION = YES;
				CLANG_WARN_OBJC_ROOT_CLASS = YES_ERROR;
				CLANG_WARN_QUOTED_INCLUDE_IN_FRAMEWORK_HEADER = YES;
				CLANG_WARN_RANGE_LOOP_ANALYSIS = YES;
				CLANG_WARN_STRICT_PROTOTYPES = YES;
				CLANG_WARN_SUSPICIOUS_MOVE = YES;
				CLANG_WARN_UNGUARDED_AVAILABILITY = YES_AGGRESSIVE;
				CLANG_WARN_UNREACHABLE_CODE = YES;
				CLANG_WARN__DUPLICATE_METHOD_MATCH = YES;
				COPY_PHASE_STRIP = NO;
				DEBUG_INFORMATION_FORMAT = "dwarf-with-dsym";
				ENABLE_NS_ASSERTIONS = NO;
				ENABLE_STRICT_OBJC_MSGSEND = YES;
				ENABLE_USER_SCRIPT_SANDBOXING = YES;
				GCC_C_LANGUAGE_STANDARD = gnu17;
				GCC_NO_COMMON_BLOCKS = YES;
				GCC_WARN_64_TO_32_BIT_CONVERSION = YES;
				GCC_WARN_ABOUT_RETURN_TYPE = YES_ERROR;
				GCC_WARN_UNDECLARED_SELECTOR = YES;
				GCC_WARN_UNINITIALIZED_AUTOS = YES_AGGRESSIVE;
				GCC_WARN_UNUSED_FUNCTION = YES;
				GCC_WARN_UNUSED_VARIABLE = YES;
				IPHONEOS_DEPLOYMENT_TARGET = 17.2;
				LOCALIZATION_PREFERS_STRING_CATALOGS = YES;
				MTL_ENABLE_DEBUG_INFO = NO;
				MTL_FAST_MATH = YES;
				SDKROOT = iphoneos;
				SWIFT_COMPILATION_MODE = wholemodule;
				VALIDATE_PRODUCT = YES;
			};
			name = Release;
		};
		4BF52A112BEDC22100E072DC /* Debug */ = {
			isa = XCBuildConfiguration;
			buildSettings = {
				ASSETCATALOG_COMPILER_APPICON_NAME = AppIcon;
				ASSETCATALOG_COMPILER_GLOBAL_ACCENT_COLOR_NAME = AccentColor;
				CODE_SIGN_STYLE = Automatic;
				CURRENT_PROJECT_VERSION = 1;
				DEVELOPMENT_ASSET_PATHS = "\"flipapp/Preview Content\"";
				ENABLE_PREVIEWS = YES;
				GENERATE_INFOPLIST_FILE = YES;
				INFOPLIST_KEY_UIApplicationSceneManifest_Generation = YES;
				INFOPLIST_KEY_UIApplicationSupportsIndirectInputEvents = YES;
				INFOPLIST_KEY_UILaunchScreen_Generation = YES;
				INFOPLIST_KEY_UISupportedInterfaceOrientations_iPad = "UIInterfaceOrientationPortrait UIInterfaceOrientationPortraitUpsideDown UIInterfaceOrientationLandscapeLeft UIInterfaceOrientationLandscapeRight";
				INFOPLIST_KEY_UISupportedInterfaceOrientations_iPhone = "UIInterfaceOrientationPortrait UIInterfaceOrientationLandscapeLeft UIInterfaceOrientationLandscapeRight";
				LD_RUNPATH_SEARCH_PATHS = (
					"$(inherited)",
					"@executable_path/Frameworks",
				);
				MARKETING_VERSION = 1.0;
				PRODUCT_BUNDLE_IDENTIFIER = com.cintman.flipapp;
				PRODUCT_NAME = "$(TARGET_NAME)";
				SWIFT_EMIT_LOC_STRINGS = YES;
				SWIFT_VERSION = 5.0;
				TARGETED_DEVICE_FAMILY = "1,2";
			};
			name = Debug;
		};
		4BF52A122BEDC22100E072DC /* Release */ = {
			isa = XCBuildConfiguration;
			buildSettings = {
				ASSETCATALOG_COMPILER_APPICON_NAME = AppIcon;
				ASSETCATALOG_COMPILER_GLOBAL_ACCENT_COLOR_NAME = AccentColor;
				CODE_SIGN_STYLE = Automatic;
				CURRENT_PROJECT_VERSION = 1;
				DEVELOPMENT_ASSET_PATHS = "\"flipapp/Preview Content\"";
				ENABLE_PREVIEWS = YES;
				GENERATE_INFOPLIST_FILE = YES;
				INFOPLIST_KEY_UIApplicationSceneManifest_Generation = YES;
				INFOPLIST_KEY_UIApplicationSupportsIndirectInputEvents = YES;
				INFOPLIST_KEY_UILaunchScreen_Generation = YES;
				INFOPLIST_KEY_UISupportedInterfaceOrientations_iPad = "UIInterfaceOrientationPortrait UIInterfaceOrientationPortraitUpsideDown UIInterfaceOrientationLandscapeLeft UIInterfaceOrientationLandscapeRight";
				INFOPLIST_KEY_UISupportedInterfaceOrientations_iPhone = "UIInterfaceOrientationPortrait UIInterfaceOrientationLandscapeLeft UIInterfaceOrientationLandscapeRight";
				LD_RUNPATH_SEARCH_PATHS = (
					"$(inherited)",
					"@executable_path/Frameworks",
				);
				MARKETING_VERSION = 1.0;
				PRODUCT_BUNDLE_IDENTIFIER = com.cintman.flipapp;
				PRODUCT_NAME = "$(TARGET_NAME)";
				SWIFT_EMIT_LOC_STRINGS = YES;
				SWIFT_VERSION = 5.0;
				TARGETED_DEVICE_FAMILY = "1,2";
			};
			name = Release;
		};
		4BF52A142BEDC22100E072DC /* Debug */ = {
			isa = XCBuildConfiguration;
			buildSettings = {
				ALWAYS_EMBED_SWIFT_STANDARD_LIBRARIES = YES;
				BUNDLE_LOADER = "$(TEST_HOST)";
				CODE_SIGN_STYLE = Automatic;
				CURRENT_PROJECT_VERSION = 1;
				GENERATE_INFOPLIST_FILE = YES;
				IPHONEOS_DEPLOYMENT_TARGET = 17.2;
				MARKETING_VERSION = 1.0;
				PRODUCT_BUNDLE_IDENTIFIER = com.cintman.flipappTests;
				PRODUCT_NAME = "$(TARGET_NAME)";
				SWIFT_EMIT_LOC_STRINGS = NO;
				SWIFT_VERSION = 5.0;
				TARGETED_DEVICE_FAMILY = "1,2";
				TEST_HOST = "$(BUILT_PRODUCTS_DIR)/flipapp.app/$(BUNDLE_EXECUTABLE_FOLDER_PATH)/flipapp";
			};
			name = Debug;
		};
		4BF52A152BEDC22100E072DC /* Release */ = {
			isa = XCBuildConfiguration;
			buildSettings = {
				ALWAYS_EMBED_SWIFT_STANDARD_LIBRARIES = YES;
				BUNDLE_LOADER = "$(TEST_HOST)";
				CODE_SIGN_STYLE = Automatic;
				CURRENT_PROJECT_VERSION = 1;
				GENERATE_INFOPLIST_FILE = YES;
				IPHONEOS_DEPLOYMENT_TARGET = 17.2;
				MARKETING_VERSION = 1.0;
				PRODUCT_BUNDLE_IDENTIFIER = com.cintman.flipappTests;
				PRODUCT_NAME = "$(TARGET_NAME)";
				SWIFT_EMIT_LOC_STRINGS = NO;
				SWIFT_VERSION = 5.0;
				TARGETED_DEVICE_FAMILY = "1,2";
				TEST_HOST = "$(BUILT_PRODUCTS_DIR)/flipapp.app/$(BUNDLE_EXECUTABLE_FOLDER_PATH)/flipapp";
			};
			name = Release;
		};
		4BF52A172BEDC22100E072DC /* Debug */ = {
			isa = XCBuildConfiguration;
			buildSettings = {
				ALWAYS_EMBED_SWIFT_STANDARD_LIBRARIES = YES;
				CODE_SIGN_STYLE = Automatic;
				CURRENT_PROJECT_VERSION = 1;
				GENERATE_INFOPLIST_FILE = YES;
				MARKETING_VERSION = 1.0;
				PRODUCT_BUNDLE_IDENTIFIER = com.cintman.flipappUITests;
				PRODUCT_NAME = "$(TARGET_NAME)";
				SWIFT_EMIT_LOC_STRINGS = NO;
				SWIFT_VERSION = 5.0;
				TARGETED_DEVICE_FAMILY = "1,2";
				TEST_TARGET_NAME = flipapp;
			};
			name = Debug;
		};
		4BF52A182BEDC22100E072DC /* Release */ = {
			isa = XCBuildConfiguration;
			buildSettings = {
				ALWAYS_EMBED_SWIFT_STANDARD_LIBRARIES = YES;
				CODE_SIGN_STYLE = Automatic;
				CURRENT_PROJECT_VERSION = 1;
				GENERATE_INFOPLIST_FILE = YES;
				MARKETING_VERSION = 1.0;
				PRODUCT_BUNDLE_IDENTIFIER = com.cintman.flipappUITests;
				PRODUCT_NAME = "$(TARGET_NAME)";
				SWIFT_EMIT_LOC_STRINGS = NO;
				SWIFT_VERSION = 5.0;
				TARGETED_DEVICE_FAMILY = "1,2";
				TEST_TARGET_NAME = flipapp;
			};
			name = Release;
		};
/* End XCBuildConfiguration section */

/* Begin XCConfigurationList section */
		4BF529E72BEDC22000E072DC /* Build configuration list for PBXProject "flipapp" */ = {
			isa = XCConfigurationList;
			buildConfigurations = (
				4BF52A0E2BEDC22100E072DC /* Debug */,
				4BF52A0F2BEDC22100E072DC /* Release */,
			);
			defaultConfigurationIsVisible = 0;
			defaultConfigurationName = Release;
		};
		4BF52A102BEDC22100E072DC /* Build configuration list for PBXNativeTarget "flipapp" */ = {
			isa = XCConfigurationList;
			buildConfigurations = (
				4BF52A112BEDC22100E072DC /* Debug */,
				4BF52A122BEDC22100E072DC /* Release */,
			);
			defaultConfigurationIsVisible = 0;
			defaultConfigurationName = Release;
		};
		4BF52A132BEDC22100E072DC /* Build configuration list for PBXNativeTarget "flipappTests" */ = {
			isa = XCConfigurationList;
			buildConfigurations = (
				4BF52A142BEDC22100E072DC /* Debug */,
				4BF52A152BEDC22100E072DC /* Release */,
			);
			defaultConfigurationIsVisible = 0;
			defaultConfigurationName = Release;
		};
		4BF52A162BEDC22100E072DC /* Build configuration list for PBXNativeTarget "flipappUITests" */ = {
			isa = XCConfigurationList;
			buildConfigurations = (
				4BF52A172BEDC22100E072DC /* Debug */,
				4BF52A182BEDC22100E072DC /* Release */,
			);
			defaultConfigurationIsVisible = 0;
			defaultConfigurationName = Release;
		};
/* End XCConfigurationList section */
	};
	rootObject = 4BF529E42BEDC22000E072DC /* Project object */;
}
